
Microsoft Visual Studio Solution File, Format Version 12.00
# Visual Studio Version 16
VisualStudioVersion = 16.0.29728.190
MinimumVisualStudioVersion = 10.0.40219.1
Project("{FAE04EC0-301F-11D3-BF4B-00C04F79EFBC}") = "ConsoleGame", "ConsoleGame\ConsoleGame.csproj", "{BD16F4CA-AE05-4B69-88B0-6B8D302580BE}"
EndProject
Global
	GlobalSection(SolutionConfigurationPlatforms) = preSolution
		Debug|Any CPU = Debug|Any CPU
		Release|Any CPU = Release|Any CPU
	EndGlobalSection
	GlobalSection(ProjectConfigurationPlatforms) = postSolution
		{BD16F4CA-AE05-4B69-88B0-6B8D302580BE}.Debug|Any CPU.ActiveCfg = Debug|Any CPU
		{BD16F4CA-AE05-4B69-88B0-6B8D302580BE}.Debug|Any CPU.Build.0 = Debug|Any CPU
		{BD16F4CA-AE05-4B69-88B0-6B8D302580BE}.Release|Any CPU.ActiveCfg = Release|Any CPU
		{BD16F4CA-AE05-4B69-88B0-6B8D302580BE}.Release|Any CPU.Build.0 = Release|Any CPU
	EndGlobalSection
	GlobalSection(SolutionProperties) = preSolution
		HideSolutionNode = FALSE
	EndGlobalSection
	GlobalSection(ExtensibilityGlobals) = postSolution
		SolutionGuid = {D1B358BC-EAC4-415F-99C3-5C71C857F1E0}
	EndGlobalSection
EndGlobal
